// !$*UTF8*$!
{
	archiveVersion = 1;
	classes = {
	};
	objectVersion = 56;
	objects = {

/* Begin PBXBuildFile section */
		27B9438E2AD2EF79002AFFFB /* AppDelegate.swift in Sources */ = {isa = PBXBuildFile; fileRef = 27B9438D2AD2EF79002AFFFB /* AppDelegate.swift */; };
		27B943902AD2EF79002AFFFB /* SceneDelegate.swift in Sources */ = {isa = PBXBuildFile; fileRef = 27B9438F2AD2EF79002AFFFB /* SceneDelegate.swift */; };
		27B943922AD2EF79002AFFFB /* ViewController.swift in Sources */ = {isa = PBXBuildFile; fileRef = 27B943912AD2EF79002AFFFB /* ViewController.swift */; };
		27B943952AD2EF79002AFFFB /* Main.storyboard in Resources */ = {isa = PBXBuildFile; fileRef = 27B943932AD2EF79002AFFFB /* Main.storyboard */; };
		27B943972AD2EF7A002AFFFB /* Assets.xcassets in Resources */ = {isa = PBXBuildFile; fileRef = 27B943962AD2EF7A002AFFFB /* Assets.xcassets */; };
		27B9439A2AD2EF7A002AFFFB /* LaunchScreen.storyboard in Resources */ = {isa = PBXBuildFile; fileRef = 27B943982AD2EF7A002AFFFB /* LaunchScreen.storyboard */; };
		27B943A22AD2F59F002AFFFB /* ViewControllerSignIn.swift in Sources */ = {isa = PBXBuildFile; fileRef = 27B943A12AD2F59F002AFFFB /* ViewControllerSignIn.swift */; };
		27B943A42AD2F5B5002AFFFB /* ViewControllerSignUp.swift in Sources */ = {isa = PBXBuildFile; fileRef = 27B943A32AD2F5B5002AFFFB /* ViewControllerSignUp.swift */; };
		27B943A62AD2F874002AFFFB /* ViewControllerMenu.swift in Sources */ = {isa = PBXBuildFile; fileRef = 27B943A52AD2F874002AFFFB /* ViewControllerMenu.swift */; };
/* End PBXBuildFile section */

/* Begin PBXFileReference section */
		27B9438A2AD2EF79002AFFFB /* BasicRegistration.app */ = {isa = PBXFileReference; explicitFileType = wrapper.application; includeInIndex = 0; path = BasicRegistration.app; sourceTree = BUILT_PRODUCTS_DIR; };
		27B9438D2AD2EF79002AFFFB /* AppDelegate.swift */ = {isa = PBXFileReference; lastKnownFileType = sourcecode.swift; path = AppDelegate.swift; sourceTree = "<group>"; };
		27B9438F2AD2EF79002AFFFB /* SceneDelegate.swift */ = {isa = PBXFileReference; lastKnownFileType = sourcecode.swift; path = SceneDelegate.swift; sourceTree = "<group>"; };
		27B943912AD2EF79002AFFFB /* ViewController.swift */ = {isa = PBXFileReference; lastKnownFileType = sourcecode.swift; path = ViewController.swift; sourceTree = "<group>"; };
		27B943942AD2EF79002AFFFB /* Base */ = {isa = PBXFileReference; lastKnownFileType = file.storyboard; name = Base; path = Base.lproj/Main.storyboard; sourceTree = "<group>"; };
		27B943962AD2EF7A002AFFFB /* Assets.xcassets */ = {isa = PBXFileReference; lastKnownFileType = folder.assetcatalog; path = Assets.xcassets; sourceTree = "<group>"; };
		27B943992AD2EF7A002AFFFB /* Base */ = {isa = PBXFileReference; lastKnownFileType = file.storyboard; name = Base; path = Base.lproj/LaunchScreen.storyboard; sourceTree = "<group>"; };
		27B9439B2AD2EF7A002AFFFB /* Info.plist */ = {isa = PBXFileReference; lastKnownFileType = text.plist.xml; path = Info.plist; sourceTree = "<group>"; };
		27B943A12AD2F59F002AFFFB /* ViewControllerSignIn.swift */ = {isa = PBXFileReference; lastKnownFileType = sourcecode.swift; path = ViewControllerSignIn.swift; sourceTree = "<group>"; };
		27B943A32AD2F5B5002AFFFB /* ViewControllerSignUp.swift */ = {isa = PBXFileReference; lastKnownFileType = sourcecode.swift; path = ViewControllerSignUp.swift; sourceTree = "<group>"; };
		27B943A52AD2F874002AFFFB /* ViewControllerMenu.swift */ = {isa = PBXFileReference; lastKnownFileType = sourcecode.swift; path = ViewControllerMenu.swift; sourceTree = "<group>"; };
/* End PBXFileReference section */

/* Begin PBXFrameworksBuildPhase section */
		27B943872AD2EF79002AFFFB /* Frameworks */ = {
			isa = PBXFrameworksBuildPhase;
			buildActionMask = 2147483647;
			files = (
			);
			runOnlyForDeploymentPostprocessing = 0;
		};
/* End PBXFrameworksBuildPhase section */

/* Begin PBXGroup section */
		27B943812AD2EF79002AFFFB = {
			isa = PBXGroup;
			children = (
				27B9438C2AD2EF79002AFFFB /* BasicRegistration */,
				27B9438B2AD2EF79002AFFFB /* Products */,
			);
			sourceTree = "<group>";
		};
		27B9438B2AD2EF79002AFFFB /* Products */ = {
			isa = PBXGroup;
			children = (
				27B9438A2AD2EF79002AFFFB /* BasicRegistration.app */,
			);
			name = Products;
			sourceTree = "<group>";
		};
		27B9438C2AD2EF79002AFFFB /* BasicRegistration */ = {
			isa = PBXGroup;
			children = (
				27B9438D2AD2EF79002AFFFB /* AppDelegate.swift */,
				27B9438F2AD2EF79002AFFFB /* SceneDelegate.swift */,
				27B943912AD2EF79002AFFFB /* ViewController.swift */,
				27B943A12AD2F59F002AFFFB /* ViewControllerSignIn.swift */,
				27B943A32AD2F5B5002AFFFB /* ViewControllerSignUp.swift */,
				27B943A52AD2F874002AFFFB /* ViewControllerMenu.swift */,
				27B943962AD2EF7A002AFFFB /* Assets.xcassets */,
				27B943932AD2EF79002AFFFB /* Main.storyboard */,
				27B943982AD2EF7A002AFFFB /* LaunchScreen.storyboard */,
				27B9439B2AD2EF7A002AFFFB /* Info.plist */,
			);
			path = BasicRegistration;
			sourceTree = "<group>";
		};
/* End PBXGroup section */

/* Begin PBXNativeTarget section */
		27B943892AD2EF79002AFFFB /* BasicRegistration */ = {
			isa = PBXNativeTarget;
			buildConfigurationList = 27B9439E2AD2EF7A002AFFFB /* Build configuration list for PBXNativeTarget "BasicRegistration" */;
			buildPhases = (
				27B943862AD2EF79002AFFFB /* Sources */,
				27B943872AD2EF79002AFFFB /* Frameworks */,
				27B943882AD2EF79002AFFFB /* Resources */,
			);
			buildRules = (
			);
			dependencies = (
			);
			name = BasicRegistration;
			productName = BasicRegistration;
			productReference = 27B9438A2AD2EF79002AFFFB /* BasicRegistration.app */;
			productType = "com.apple.product-type.application";
		};
/* End PBXNativeTarget section */

/* Begin PBXProject section */
		27B943822AD2EF79002AFFFB /* Project object */ = {
			isa = PBXProject;
			attributes = {
				BuildIndependentTargetsInParallel = 1;
				LastSwiftUpdateCheck = 1420;
				LastUpgradeCheck = 1420;
				TargetAttributes = {
					27B943892AD2EF79002AFFFB = {
						CreatedOnToolsVersion = 14.2;
					};
				};
			};
			buildConfigurationList = 27B943852AD2EF79002AFFFB /* Build configuration list for PBXProject "BasicRegistration" */;
			compatibilityVersion = "Xcode 14.0";
			developmentRegion = en;
			hasScannedForEncodings = 0;
			knownRegions = (
				en,
				Base,
			);
			mainGroup = 27B943812AD2EF79002AFFFB;
			productRefGroup = 27B9438B2AD2EF79002AFFFB /* Products */;
			projectDirPath = "";
			projectRoot = "";
			targets = (
				27B943892AD2EF79002AFFFB /* BasicRegistration */,
			);
		};
/* End PBXProject section */

/* Begin PBXResourcesBuildPhase section */
		27B943882AD2EF79002AFFFB /* Resources */ = {
			isa = PBXResourcesBuildPhase;
			buildActionMask = 2147483647;
			files = (
				27B9439A2AD2EF7A002AFFFB /* LaunchScreen.storyboard in Resources */,
				27B943972AD2EF7A002AFFFB /* Assets.xcassets in Resources */,
				27B943952AD2EF79002AFFFB /* Main.storyboard in Resources */,
			);
			runOnlyForDeploymentPostprocessing = 0;
		};
/* End PBXResourcesBuildPhase section */

/* Begin PBXSourcesBuildPhase section */
		27B943862AD2EF79002AFFFB /* Sources */ = {
			isa = PBXSourcesBuildPhase;
			buildActionMask = 2147483647;
			files = (
				27B943A22AD2F59F002AFFFB /* ViewControllerSignIn.swift in Sources */,
				27B943A42AD2F5B5002AFFFB /* ViewControllerSignUp.swift in Sources */,
				27B943922AD2EF79002AFFFB /* ViewController.swift in Sources */,
				27B943A62AD2F874002AFFFB /* ViewControllerMenu.swift in Sources */,
				27B9438E2AD2EF79002AFFFB /* AppDelegate.swift in Sources */,
				27B943902AD2EF79002AFFFB /* SceneDelegate.swift in Sources */,
			);
			runOnlyForDeploymentPostprocessing = 0;
		};
/* End PBXSourcesBuildPhase section */

/* Begin PBXVariantGroup section */
		27B943932AD2EF79002AFFFB /* Main.storyboard */ = {
			isa = PBXVariantGroup;
			children = (
				27B943942AD2EF79002AFFFB /* Base */,
			);
			name = Main.storyboard;
			sourceTree = "<group>";
		};
		27B943982AD2EF7A002AFFFB /* LaunchScreen.storyboard */ = {
			isa = PBXVariantGroup;
			children = (
				27B943992AD2EF7A002AFFFB /* Base */,
			);
			name = LaunchScreen.storyboard;
			sourceTree = "<group>";
		};
/* End PBXVariantGroup section */

/* Begin XCBuildConfiguration section */
		27B9439C2AD2EF7A002AFFFB /* Debug */ = {
			isa = XCBuildConfiguration;
			buildSettings = {
				ALWAYS_SEARCH_USER_PATHS = NO;
				CLANG_ANALYZER_NONNULL = YES;
				CLANG_ANALYZER_NUMBER_OBJECT_CONVERSION = YES_AGGRESSIVE;
				CLANG_CXX_LANGUAGE_STANDARD = "gnu++20";
				CLANG_ENABLE_MODULES = YES;
				CLANG_ENABLE_OBJC_ARC = YES;
				CLANG_ENABLE_OBJC_WEAK = YES;
				CLANG_WARN_BLOCK_CAPTURE_AUTORELEASING = YES;
				CLANG_WARN_BOOL_CONVERSION = YES;
				CLANG_WARN_COMMA = YES;
				CLANG_WARN_CONSTANT_CONVERSION = YES;
				CLANG_WARN_DEPRECATED_OBJC_IMPLEMENTATIONS = YES;
				CLANG_WARN_DIRECT_OBJC_ISA_USAGE = YES_ERROR;
				CLANG_WARN_DOCUMENTATION_COMMENTS = YES;
				CLANG_WARN_EMPTY_BODY = YES;
				CLANG_WARN_ENUM_CONVERSION = YES;
				CLANG_WARN_INFINITE_RECURSION = YES;
				CLANG_WARN_INT_CONVERSION = YES;
				CLANG_WARN_NON_LITERAL_NULL_CONVERSION = YES;
				CLANG_WARN_OBJC_IMPLICIT_RETAIN_SELF = YES;
				CLANG_WARN_OBJC_LITERAL_CONVERSION = YES;
				CLANG_WARN_OBJC_ROOT_CLASS = YES_ERROR;
				CLANG_WARN_QUOTED_INCLUDE_IN_FRAMEWORK_HEADER = YES;
				CLANG_WARN_RANGE_LOOP_ANALYSIS = YES;
				CLANG_WARN_STRICT_PROTOTYPES = YES;
				CLANG_WARN_SUSPICIOUS_MOVE = YES;
				CLANG_WARN_UNGUARDED_AVAILABILITY = YES_AGGRESSIVE;
				CLANG_WARN_UNREACHABLE_CODE = YES;
				CLANG_WARN__DUPLICATE_METHOD_MATCH = YES;
				COPY_PHASE_STRIP = NO;
				DEBUG_INFORMATION_FORMAT = dwarf;
				ENABLE_STRICT_OBJC_MSGSEND = YES;
				ENABLE_TESTABILITY = YES;
				GCC_C_LANGUAGE_STANDARD = gnu11;
				GCC_DYNAMIC_NO_PIC = NO;
				GCC_NO_COMMON_BLOCKS = YES;
				GCC_OPTIMIZATION_LEVEL = 0;
				GCC_PREPROCESSOR_DEFINITIONS = (
					"DEBUG=1",
					"$(inherited)",
				);
				GCC_WARN_64_TO_32_BIT_CONVERSION = YES;
				GCC_WARN_ABOUT_RETURN_TYPE = YES_ERROR;
				GCC_WARN_UNDECLARED_SELECTOR = YES;
				GCC_WARN_UNINITIALIZED_AUTOS = YES_AGGRESSIVE;
				GCC_WARN_UNUSED_FUNCTION = YES;
				GCC_WARN_UNUSED_VARIABLE = YES;
				IPHONEOS_DEPLOYMENT_TARGET = 16.2;
				MTL_ENABLE_DEBUG_INFO = INCLUDE_SOURCE;
				MTL_FAST_MATH = YES;
				ONLY_ACTIVE_ARCH = YES;
				SDKROOT = iphoneos;
				SWIFT_ACTIVE_COMPILATION_CONDITIONS = DEBUG;
				SWIFT_OPTIMIZATION_LEVEL = "-Onone";
			};
			name = Debug;
		};
		27B9439D2AD2EF7A002AFFFB /* Release */ = {
			isa = XCBuildConfiguration;
			buildSettings = {
				ALWAYS_SEARCH_USER_PATHS = NO;
				CLANG_ANALYZER_NONNULL = YES;
				CLANG_ANALYZER_NUMBER_OBJECT_CONVERSION = YES_AGGRESSIVE;
				CLANG_CXX_LANGUAGE_STANDARD = "gnu++20";
				CLANG_ENABLE_MODULES = YES;
				CLANG_ENABLE_OBJC_ARC = YES;
				CLANG_ENABLE_OBJC_WEAK = YES;
				CLANG_WARN_BLOCK_CAPTURE_AUTORELEASING = YES;
				CLANG_WARN_BOOL_CONVERSION = YES;
				CLANG_WARN_COMMA = YES;
				CLANG_WARN_CONSTANT_CONVERSION = YES;
				CLANG_WARN_DEPRECATED_OBJC_IMPLEMENTATIONS = YES;
				CLANG_WARN_DIRECT_OBJC_ISA_USAGE = YES_ERROR;
				CLANG_WARN_DOCUMENTATION_COMMENTS = YES;
				CLANG_WARN_EMPTY_BODY = YES;
				CLANG_WARN_ENUM_CONVERSION = YES;
				CLANG_WARN_INFINITE_RECURSION = YES;
				CLANG_WARN_INT_CONVERSION = YES;
				CLANG_WARN_NON_LITERAL_NULL_CONVERSION = YES;
				CLANG_WARN_OBJC_IMPLICIT_RETAIN_SELF = YES;
				CLANG_WARN_OBJC_LITERAL_CONVERSION = YES;
				CLANG_WARN_OBJC_ROOT_CLASS = YES_ERROR;
				CLANG_WARN_QUOTED_INCLUDE_IN_FRAMEWORK_HEADER = YES;
				CLANG_WARN_RANGE_LOOP_ANALYSIS = YES;
				CLANG_WARN_STRICT_PROTOTYPES = YES;
				CLANG_WARN_SUSPICIOUS_MOVE = YES;
				CLANG_WARN_UNGUARDED_AVAILABILITY = YES_AGGRESSIVE;
				CLANG_WARN_UNREACHABLE_CODE = YES;
				CLANG_WARN__DUPLICATE_METHOD_MATCH = YES;
				COPY_PHASE_STRIP = NO;
				DEBUG_INFORMATION_FORMAT = "dwarf-with-dsym";
				ENABLE_NS_ASSERTIONS = NO;
				ENABLE_STRICT_OBJC_MSGSEND = YES;
				GCC_C_LANGUAGE_STANDARD = gnu11;
				GCC_NO_COMMON_BLOCKS = YES;
				GCC_WARN_64_TO_32_BIT_CONVERSION = YES;
				GCC_WARN_ABOUT_RETURN_TYPE = YES_ERROR;
				GCC_WARN_UNDECLARED_SELECTOR = YES;
				GCC_WARN_UNINITIALIZED_AUTOS = YES_AGGRESSIVE;
				GCC_WARN_UNUSED_FUNCTION = YES;
				GCC_WARN_UNUSED_VARIABLE = YES;
				IPHONEOS_DEPLOYMENT_TARGET = 16.2;
				MTL_ENABLE_DEBUG_INFO = NO;
				MTL_FAST_MATH = YES;
				SDKROOT = iphoneos;
				SWIFT_COMPILATION_MODE = wholemodule;
				SWIFT_OPTIMIZATION_LEVEL = "-O";
				VALIDATE_PRODUCT = YES;
			};
			name = Release;
		};
		27B9439F2AD2EF7A002AFFFB /* Debug */ = {
			isa = XCBuildConfiguration;
			buildSettings = {
				ASSETCATALOG_COMPILER_APPICON_NAME = AppIcon;
				ASSETCATALOG_COMPILER_GLOBAL_ACCENT_COLOR_NAME = AccentColor;
				CODE_SIGN_STYLE = Automatic;
				CURRENT_PROJECT_VERSION = 1;
				DEVELOPMENT_TEAM = 587Y6CB23X;
				GENERATE_INFOPLIST_FILE = YES;
				INFOPLIST_FILE = BasicRegistration/Info.plist;
				INFOPLIST_KEY_UIApplicationSupportsIndirectInputEvents = YES;
				INFOPLIST_KEY_UILaunchStoryboardName = LaunchScreen;
				INFOPLIST_KEY_UIMainStoryboardFile = Main;
				INFOPLIST_KEY_UISupportedInterfaceOrientations_iPad = "UIInterfaceOrientationPortrait UIInterfaceOrientationPortraitUpsideDown UIInterfaceOrientationLandscapeLeft UIInterfaceOrientationLandscapeRight";
				INFOPLIST_KEY_UISupportedInterfaceOrientations_iPhone = "UIInterfaceOrientationPortrait UIInterfaceOrientationLandscapeLeft UIInterfaceOrientationLandscapeRight";
				LD_RUNPATH_SEARCH_PATHS = (
					"$(inherited)",
					"@executable_path/Frameworks",
				);
				MARKETING_VERSION = 1.0;
				PRODUCT_BUNDLE_IDENTIFIER = com.SwiftCourseTheFirst.BasicCalculator.BasicRegistration;
				PRODUCT_NAME = "$(TARGET_NAME)";
				SWIFT_EMIT_LOC_STRINGS = YES;
				SWIFT_VERSION = 5.0;
				TARGETED_DEVICE_FAMILY = "1,2";
			};
			name = Debug;
		};
		27B943A02AD2EF7A002AFFFB /* Release */ = {
			isa = XCBuildConfiguration;
			buildSettings = {
				ASSETCATALOG_COMPILER_APPICON_NAME = AppIcon;
				ASSETCATALOG_COMPILER_GLOBAL_ACCENT_COLOR_NAME = AccentColor;
				CODE_SIGN_STYLE = Automatic;
				CURRENT_PROJECT_VERSION = 1;
				DEVELOPMENT_TEAM = 587Y6CB23X;
				GENERATE_INFOPLIST_FILE = YES;
				INFOPLIST_FILE = BasicRegistration/Info.plist;
				INFOPLIST_KEY_UIApplicationSupportsIndirectInputEvents = YES;
				INFOPLIST_KEY_UILaunchStoryboardName = LaunchScreen;
				INFOPLIST_KEY_UIMainStoryboardFile = Main;
				INFOPLIST_KEY_UISupportedInterfaceOrientations_iPad = "UIInterfaceOrientationPortrait UIInterfaceOrientationPortraitUpsideDown UIInterfaceOrientationLandscapeLeft UIInterfaceOrientationLandscapeRight";
				INFOPLIST_KEY_UISupportedInterfaceOrientations_iPhone = "UIInterfaceOrientationPortrait UIInterfaceOrientationLandscapeLeft UIInterfaceOrientationLandscapeRight";
				LD_RUNPATH_SEARCH_PATHS = (
					"$(inherited)",
					"@executable_path/Frameworks",
				);
				MARKETING_VERSION = 1.0;
				PRODUCT_BUNDLE_IDENTIFIER = com.SwiftCourseTheFirst.BasicCalculator.BasicRegistration;
				PRODUCT_NAME = "$(TARGET_NAME)";
				SWIFT_EMIT_LOC_STRINGS = YES;
				SWIFT_VERSION = 5.0;
				TARGETED_DEVICE_FAMILY = "1,2";
			};
			name = Release;
		};
/* End XCBuildConfiguration section */

/* Begin XCConfigurationList section */
		27B943852AD2EF79002AFFFB /* Build configuration list for PBXProject "BasicRegistration" */ = {
			isa = XCConfigurationList;
			buildConfigurations = (
				27B9439C2AD2EF7A002AFFFB /* Debug */,
				27B9439D2AD2EF7A002AFFFB /* Release */,
			);
			defaultConfigurationIsVisible = 0;
			defaultConfigurationName = Release;
		};
		27B9439E2AD2EF7A002AFFFB /* Build configuration list for PBXNativeTarget "BasicRegistration" */ = {
			isa = XCConfigurationList;
			buildConfigurations = (
				27B9439F2AD2EF7A002AFFFB /* Debug */,
				27B943A02AD2EF7A002AFFFB /* Release */,
			);
			defaultConfigurationIsVisible = 0;
			defaultConfigurationName = Release;
		};
/* End XCConfigurationList section */
	};
	rootObject = 27B943822AD2EF79002AFFFB /* Project object */;
}
